// !$*UTF8*$!
{
	archiveVersion = 1;
	classes = {
	};
	objectVersion = 46;
	objects = {

/* Begin PBXBuildFile section */
		3B8F2A0919C6D19F00B316CB /* LocalSearchViewController.m in Sources */ = {isa = PBXBuildFile; fileRef = 3B8F2A0819C6D19F00B316CB /* LocalSearchViewController.m */; };
		3B8F2A0C19C6D1B300B316CB /* DirectionViewController.m in Sources */ = {isa = PBXBuildFile; fileRef = 3B8F2A0B19C6D1B300B316CB /* DirectionViewController.m */; };
		3BA89C2719C826530015F9C2 /* CameraViewController.m in Sources */ = {isa = PBXBuildFile; fileRef = 3BA89C2619C826530015F9C2 /* CameraViewController.m */; };
		3BAE4DBA19CA6BCA00E636AB /* GeocoderViewController.m in Sources */ = {isa = PBXBuildFile; fileRef = 3BAE4DB919CA6BCA00E636AB /* GeocoderViewController.m */; };
		3BCA7BFC19C91D3300C56DC7 /* ImageShowViewController.m in Sources */ = {isa = PBXBuildFile; fileRef = 3BCA7BFB19C91D3300C56DC7 /* ImageShowViewController.m */; };
		3BCA7BFF19C97D7F00C56DC7 /* CameraExViewController.m in Sources */ = {isa = PBXBuildFile; fileRef = 3BCA7BFE19C97D7F00C56DC7 /* CameraExViewController.m */; };
		7B44131C19C67E8E0032A411 /* TileOverlayViewController.m in Sources */ = {isa = PBXBuildFile; fileRef = 7B44131B19C67E8E0032A411 /* TileOverlayViewController.m */; };
		7BB6539719BE97190081FEB6 /* OverlayViewController.m in Sources */ = {isa = PBXBuildFile; fileRef = 7BB6539619BE97190081FEB6 /* OverlayViewController.m */; };
		7BB9550519B8516B00D4DF3A /* anjuke_icon_itis_position@2x.png in Resources */ = {isa = PBXBuildFile; fileRef = 7BB9550119B8516B00D4DF3A /* anjuke_icon_itis_position@2x.png */; };
		7BB9550619B8516B00D4DF3A /* wl_map_icon_1@2x.png in Resources */ = {isa = PBXBuildFile; fileRef = 7BB9550219B8516B00D4DF3A /* wl_map_icon_1@2x.png */; };
		7BB9550719B8516B00D4DF3A /* wl_map_icon_4@2x.png in Resources */ = {isa = PBXBuildFile; fileRef = 7BB9550319B8516B00D4DF3A /* wl_map_icon_4@2x.png */; };
		7BB9550819B8516B00D4DF3A /* wl_map_icon_5@2x.png in Resources */ = {isa = PBXBuildFile; fileRef = 7BB9550419B8516B00D4DF3A /* wl_map_icon_5@2x.png */; };
		7BC25FAD19B723D100278938 /* startAnnotation@2x.png in Resources */ = {isa = PBXBuildFile; fileRef = 7BC25FAC19B723D100278938 /* startAnnotation@2x.png */; };
		7BCCA60F19B6BA6C00EC6CEB /* TestObject.m in Sources */ = {isa = PBXBuildFile; fileRef = 7BCCA60E19B6BA6C00EC6CEB /* TestObject.m */; };
		7BCCA61219B6BEB100EC6CEB /* AnnotationViewController.m in Sources */ = {isa = PBXBuildFile; fileRef = 7BCCA61119B6BEB100EC6CEB /* AnnotationViewController.m */; };
		7BD92C0319B56D0D0077C9E5 /* Foundation.framework in Frameworks */ = {isa = PBXBuildFile; fileRef = 7BD92C0219B56D0D0077C9E5 /* Foundation.framework */; };
		7BD92C0519B56D0D0077C9E5 /* CoreGraphics.framework in Frameworks */ = {isa = PBXBuildFile; fileRef = 7BD92C0419B56D0D0077C9E5 /* CoreGraphics.framework */; };
		7BD92C0719B56D0D0077C9E5 /* UIKit.framework in Frameworks */ = {isa = PBXBuildFile; fileRef = 7BD92C0619B56D0D0077C9E5 /* UIKit.framework */; };
		7BD92C0D19B56D0D0077C9E5 /* InfoPlist.strings in Resources */ = {isa = PBXBuildFile; fileRef = 7BD92C0B19B56D0D0077C9E5 /* InfoPlist.strings */; };
		7BD92C0F19B56D0D0077C9E5 /* main.m in Sources */ = {isa = PBXBuildFile; fileRef = 7BD92C0E19B56D0D0077C9E5 /* main.m */; };
		7BD92C1319B56D0D0077C9E5 /* AppDelegate.m in Sources */ = {isa = PBXBuildFile; fileRef = 7BD92C1219B56D0D0077C9E5 /* AppDelegate.m */; };
		7BD92C1519B56D0D0077C9E5 /* Images.xcassets in Resources */ = {isa = PBXBuildFile; fileRef = 7BD92C1419B56D0D0077C9E5 /* Images.xcassets */; };
		7BD92C1C19B56D0D0077C9E5 /* XCTest.framework in Frameworks */ = {isa = PBXBuildFile; fileRef = 7BD92C1B19B56D0D0077C9E5 /* XCTest.framework */; };
		7BD92C1D19B56D0D0077C9E5 /* Foundation.framework in Frameworks */ = {isa = PBXBuildFile; fileRef = 7BD92C0219B56D0D0077C9E5 /* Foundation.framework */; };
		7BD92C1E19B56D0D0077C9E5 /* UIKit.framework in Frameworks */ = {isa = PBXBuildFile; fileRef = 7BD92C0619B56D0D0077C9E5 /* UIKit.framework */; };
		7BD92C2619B56D0D0077C9E5 /* InfoPlist.strings in Resources */ = {isa = PBXBuildFile; fileRef = 7BD92C2419B56D0D0077C9E5 /* InfoPlist.strings */; };
		7BD92C2819B56D0D0077C9E5 /* MapkitDemoTests.m in Sources */ = {isa = PBXBuildFile; fileRef = 7BD92C2719B56D0D0077C9E5 /* MapkitDemoTests.m */; };
		7BD92C3919B56EE00077C9E5 /* BaseViewController.m in Sources */ = {isa = PBXBuildFile; fileRef = 7BD92C3319B56EE00077C9E5 /* BaseViewController.m */; };
		7BD92C3A19B56EE00077C9E5 /* btn_cancel_normal.png in Resources */ = {isa = PBXBuildFile; fileRef = 7BD92C3619B56EE00077C9E5 /* btn_cancel_normal.png */; };
		7BD92C3B19B56EE00077C9E5 /* btn_cancel_pressed.png in Resources */ = {isa = PBXBuildFile; fileRef = 7BD92C3719B56EE00077C9E5 /* btn_cancel_pressed.png */; };
		7BD92C3C19B56EE00077C9E5 /* common_bacArrow@2x.png in Resources */ = {isa = PBXBuildFile; fileRef = 7BD92C3819B56EE00077C9E5 /* common_bacArrow@2x.png */; };
		7BD92C3E19B56EFD0077C9E5 /* MapKit.framework in Frameworks */ = {isa = PBXBuildFile; fileRef = 7BD92C3D19B56EFD0077C9E5 /* MapKit.framework */; };
		7BD92C4019B56F0A0077C9E5 /* CoreLocation.framework in Frameworks */ = {isa = PBXBuildFile; fileRef = 7BD92C3F19B56F0A0077C9E5 /* CoreLocation.framework */; };
		7BD92C4319B56F4E0077C9E5 /* MainViewController.m in Sources */ = {isa = PBXBuildFile; fileRef = 7BD92C4219B56F4E0077C9E5 /* MainViewController.m */; };
		7BD92C4919B571050077C9E5 /* MapkitViewController.m in Sources */ = {isa = PBXBuildFile; fileRef = 7BD92C4819B571050077C9E5 /* MapkitViewController.m */; };
		7BD92C4C19B571140077C9E5 /* BMapkitViewController.m in Sources */ = {isa = PBXBuildFile; fileRef = 7BD92C4B19B571140077C9E5 /* BMapkitViewController.m */; };
		7BD92C4F19B571220077C9E5 /* GMapkitViewController.m in Sources */ = {isa = PBXBuildFile; fileRef = 7BD92C4E19B571220077C9E5 /* GMapkitViewController.m */; };
		7BD92C5419B5C7630077C9E5 /* MapViewController.m in Sources */ = {isa = PBXBuildFile; fileRef = 7BD92C5319B5C7630077C9E5 /* MapViewController.m */; };
		7BD92C5719B5CF360077C9E5 /* btn_gpslocation_down@2x.png in Resources */ = {isa = PBXBuildFile; fileRef = 7BD92C5519B5CF360077C9E5 /* btn_gpslocation_down@2x.png */; };
		7BD92C5819B5CF360077C9E5 /* btn_gpslocation_normal@2x.png in Resources */ = {isa = PBXBuildFile; fileRef = 7BD92C5619B5CF360077C9E5 /* btn_gpslocation_normal@2x.png */; };
		7BE3F37C19C16DD4003E3805 /* OverlayTwoViewController.m in Sources */ = {isa = PBXBuildFile; fileRef = 7BE3F37B19C16DD4003E3805 /* OverlayTwoViewController.m */; };
/* End PBXBuildFile section */

/* Begin PBXContainerItemProxy section */
		7BD92C1F19B56D0D0077C9E5 /* PBXContainerItemProxy */ = {
			isa = PBXContainerItemProxy;
			containerPortal = 7BD92BF719B56D0D0077C9E5 /* Project object */;
			proxyType = 1;
			remoteGlobalIDString = 7BD92BFE19B56D0D0077C9E5;
			remoteInfo = MapkitDemo;
		};
/* End PBXContainerItemProxy section */

/* Begin PBXFileReference section */
		3B8F2A0719C6D19F00B316CB /* LocalSearchViewController.h */ = {isa = PBXFileReference; fileEncoding = 4; lastKnownFileType = sourcecode.c.h; path = LocalSearchViewController.h; sourceTree = "<group>"; };
		3B8F2A0819C6D19F00B316CB /* LocalSearchViewController.m */ = {isa = PBXFileReference; fileEncoding = 4; lastKnownFileType = sourcecode.c.objc; path = LocalSearchViewController.m; sourceTree = "<group>"; };
		3B8F2A0A19C6D1B300B316CB /* DirectionViewController.h */ = {isa = PBXFileReference; fileEncoding = 4; lastKnownFileType = sourcecode.c.h; path = DirectionViewController.h; sourceTree = "<group>"; };
		3B8F2A0B19C6D1B300B316CB /* DirectionViewController.m */ = {isa = PBXFileReference; fileEncoding = 4; lastKnownFileType = sourcecode.c.objc; path = DirectionViewController.m; sourceTree = "<group>"; };
		3BA89C2519C826530015F9C2 /* CameraViewController.h */ = {isa = PBXFileReference; fileEncoding = 4; lastKnownFileType = sourcecode.c.h; path = CameraViewController.h; sourceTree = "<group>"; };
		3BA89C2619C826530015F9C2 /* CameraViewController.m */ = {isa = PBXFileReference; fileEncoding = 4; lastKnownFileType = sourcecode.c.objc; path = CameraViewController.m; sourceTree = "<group>"; };
		3BAE4DB819CA6BCA00E636AB /* GeocoderViewController.h */ = {isa = PBXFileReference; fileEncoding = 4; lastKnownFileType = sourcecode.c.h; path = GeocoderViewController.h; sourceTree = "<group>"; };
		3BAE4DB919CA6BCA00E636AB /* GeocoderViewController.m */ = {isa = PBXFileReference; fileEncoding = 4; lastKnownFileType = sourcecode.c.objc; path = GeocoderViewController.m; sourceTree = "<group>"; };
		3BCA7BFA19C91D3300C56DC7 /* ImageShowViewController.h */ = {isa = PBXFileReference; fileEncoding = 4; lastKnownFileType = sourcecode.c.h; path = ImageShowViewController.h; sourceTree = "<group>"; };
		3BCA7BFB19C91D3300C56DC7 /* ImageShowViewController.m */ = {isa = PBXFileReference; fileEncoding = 4; lastKnownFileType = sourcecode.c.objc; path = ImageShowViewController.m; sourceTree = "<group>"; };
		3BCA7BFD19C97D7F00C56DC7 /* CameraExViewController.h */ = {isa = PBXFileReference; fileEncoding = 4; lastKnownFileType = sourcecode.c.h; path = CameraExViewController.h; sourceTree = "<group>"; };
		3BCA7BFE19C97D7F00C56DC7 /* CameraExViewController.m */ = {isa = PBXFileReference; fileEncoding = 4; lastKnownFileType = sourcecode.c.objc; path = CameraExViewController.m; sourceTree = "<group>"; };
		7B44131A19C67E8E0032A411 /* TileOverlayViewController.h */ = {isa = PBXFileReference; fileEncoding = 4; lastKnownFileType = sourcecode.c.h; path = TileOverlayViewController.h; sourceTree = "<group>"; };
		7B44131B19C67E8E0032A411 /* TileOverlayViewController.m */ = {isa = PBXFileReference; fileEncoding = 4; lastKnownFileType = sourcecode.c.objc; path = TileOverlayViewController.m; sourceTree = "<group>"; };
		7BB6539519BE97190081FEB6 /* OverlayViewController.h */ = {isa = PBXFileReference; fileEncoding = 4; lastKnownFileType = sourcecode.c.h; path = OverlayViewController.h; sourceTree = "<group>"; };
		7BB6539619BE97190081FEB6 /* OverlayViewController.m */ = {isa = PBXFileReference; fileEncoding = 4; lastKnownFileType = sourcecode.c.objc; path = OverlayViewController.m; sourceTree = "<group>"; };
		7BB9550119B8516B00D4DF3A /* anjuke_icon_itis_position@2x.png */ = {isa = PBXFileReference; lastKnownFileType = image.png; path = "anjuke_icon_itis_position@2x.png"; sourceTree = "<group>"; };
		7BB9550219B8516B00D4DF3A /* wl_map_icon_1@2x.png */ = {isa = PBXFileReference; lastKnownFileType = image.png; path = "wl_map_icon_1@2x.png"; sourceTree = "<group>"; };
		7BB9550319B8516B00D4DF3A /* wl_map_icon_4@2x.png */ = {isa = PBXFileReference; lastKnownFileType = image.png; path = "wl_map_icon_4@2x.png"; sourceTree = "<group>"; };
		7BB9550419B8516B00D4DF3A /* wl_map_icon_5@2x.png */ = {isa = PBXFileReference; lastKnownFileType = image.png; path = "wl_map_icon_5@2x.png"; sourceTree = "<group>"; };
		7BC25FAC19B723D100278938 /* startAnnotation@2x.png */ = {isa = PBXFileReference; lastKnownFileType = image.png; path = "startAnnotation@2x.png"; sourceTree = "<group>"; };
		7BCCA60D19B6BA6C00EC6CEB /* TestObject.h */ = {isa = PBXFileReference; fileEncoding = 4; lastKnownFileType = sourcecode.c.h; path = TestObject.h; sourceTree = "<group>"; };
		7BCCA60E19B6BA6C00EC6CEB /* TestObject.m */ = {isa = PBXFileReference; fileEncoding = 4; lastKnownFileType = sourcecode.c.objc; path = TestObject.m; sourceTree = "<group>"; };
		7BCCA61019B6BEB100EC6CEB /* AnnotationViewController.h */ = {isa = PBXFileReference; fileEncoding = 4; lastKnownFileType = sourcecode.c.h; path = AnnotationViewController.h; sourceTree = "<group>"; };
		7BCCA61119B6BEB100EC6CEB /* AnnotationViewController.m */ = {isa = PBXFileReference; fileEncoding = 4; lastKnownFileType = sourcecode.c.objc; path = AnnotationViewController.m; sourceTree = "<group>"; };
		7BD92BFF19B56D0D0077C9E5 /* MapkitDemo.app */ = {isa = PBXFileReference; explicitFileType = wrapper.application; includeInIndex = 0; path = MapkitDemo.app; sourceTree = BUILT_PRODUCTS_DIR; };
		7BD92C0219B56D0D0077C9E5 /* Foundation.framework */ = {isa = PBXFileReference; lastKnownFileType = wrapper.framework; name = Foundation.framework; path = System/Library/Frameworks/Foundation.framework; sourceTree = SDKROOT; };
		7BD92C0419B56D0D0077C9E5 /* CoreGraphics.framework */ = {isa = PBXFileReference; lastKnownFileType = wrapper.framework; name = CoreGraphics.framework; path = System/Library/Frameworks/CoreGraphics.framework; sourceTree = SDKROOT; };
		7BD92C0619B56D0D0077C9E5 /* UIKit.framework */ = {isa = PBXFileReference; lastKnownFileType = wrapper.framework; name = UIKit.framework; path = System/Library/Frameworks/UIKit.framework; sourceTree = SDKROOT; };
		7BD92C0A19B56D0D0077C9E5 /* MapkitDemo-Info.plist */ = {isa = PBXFileReference; lastKnownFileType = text.plist.xml; path = "MapkitDemo-Info.plist"; sourceTree = "<group>"; };
		7BD92C0C19B56D0D0077C9E5 /* en */ = {isa = PBXFileReference; lastKnownFileType = text.plist.strings; name = en; path = en.lproj/InfoPlist.strings; sourceTree = "<group>"; };
		7BD92C0E19B56D0D0077C9E5 /* main.m */ = {isa = PBXFileReference; lastKnownFileType = sourcecode.c.objc; path = main.m; sourceTree = "<group>"; };
		7BD92C1019B56D0D0077C9E5 /* MapkitDemo-Prefix.pch */ = {isa = PBXFileReference; lastKnownFileType = sourcecode.c.h; path = "MapkitDemo-Prefix.pch"; sourceTree = "<group>"; };
		7BD92C1119B56D0D0077C9E5 /* AppDelegate.h */ = {isa = PBXFileReference; lastKnownFileType = sourcecode.c.h; path = AppDelegate.h; sourceTree = "<group>"; };
		7BD92C1219B56D0D0077C9E5 /* AppDelegate.m */ = {isa = PBXFileReference; lastKnownFileType = sourcecode.c.objc; path = AppDelegate.m; sourceTree = "<group>"; };
		7BD92C1419B56D0D0077C9E5 /* Images.xcassets */ = {isa = PBXFileReference; lastKnownFileType = folder.assetcatalog; path = Images.xcassets; sourceTree = "<group>"; };
		7BD92C1A19B56D0D0077C9E5 /* MapkitDemoTests.xctest */ = {isa = PBXFileReference; explicitFileType = wrapper.cfbundle; includeInIndex = 0; path = MapkitDemoTests.xctest; sourceTree = BUILT_PRODUCTS_DIR; };
		7BD92C1B19B56D0D0077C9E5 /* XCTest.framework */ = {isa = PBXFileReference; lastKnownFileType = wrapper.framework; name = XCTest.framework; path = Library/Frameworks/XCTest.framework; sourceTree = DEVELOPER_DIR; };
		7BD92C2319B56D0D0077C9E5 /* MapkitDemoTests-Info.plist */ = {isa = PBXFileReference; lastKnownFileType = text.plist.xml; path = "MapkitDemoTests-Info.plist"; sourceTree = "<group>"; };
		7BD92C2519B56D0D0077C9E5 /* en */ = {isa = PBXFileReference; lastKnownFileType = text.plist.strings; name = en; path = en.lproj/InfoPlist.strings; sourceTree = "<group>"; };
		7BD92C2719B56D0D0077C9E5 /* MapkitDemoTests.m */ = {isa = PBXFileReference; lastKnownFileType = sourcecode.c.objc; path = MapkitDemoTests.m; sourceTree = "<group>"; };
		7BD92C3219B56EE00077C9E5 /* BaseViewController.h */ = {isa = PBXFileReference; fileEncoding = 4; lastKnownFileType = sourcecode.c.h; path = BaseViewController.h; sourceTree = "<group>"; };
		7BD92C3319B56EE00077C9E5 /* BaseViewController.m */ = {isa = PBXFileReference; fileEncoding = 4; lastKnownFileType = sourcecode.c.objc; path = BaseViewController.m; sourceTree = "<group>"; };
		7BD92C3419B56EE00077C9E5 /* PublicDefines.h */ = {isa = PBXFileReference; fileEncoding = 4; lastKnownFileType = sourcecode.c.h; path = PublicDefines.h; sourceTree = "<group>"; };
		7BD92C3619B56EE00077C9E5 /* btn_cancel_normal.png */ = {isa = PBXFileReference; lastKnownFileType = image.png; path = btn_cancel_normal.png; sourceTree = "<group>"; };
		7BD92C3719B56EE00077C9E5 /* btn_cancel_pressed.png */ = {isa = PBXFileReference; lastKnownFileType = image.png; path = btn_cancel_pressed.png; sourceTree = "<group>"; };
		7BD92C3819B56EE00077C9E5 /* common_bacArrow@2x.png */ = {isa = PBXFileReference; lastKnownFileType = image.png; path = "common_bacArrow@2x.png"; sourceTree = "<group>"; };
		7BD92C3D19B56EFD0077C9E5 /* MapKit.framework */ = {isa = PBXFileReference; lastKnownFileType = wrapper.framework; name = MapKit.framework; path = System/Library/Frameworks/MapKit.framework; sourceTree = SDKROOT; };
		7BD92C3F19B56F0A0077C9E5 /* CoreLocation.framework */ = {isa = PBXFileReference; lastKnownFileType = wrapper.framework; name = CoreLocation.framework; path = System/Library/Frameworks/CoreLocation.framework; sourceTree = SDKROOT; };
		7BD92C4119B56F4E0077C9E5 /* MainViewController.h */ = {isa = PBXFileReference; fileEncoding = 4; lastKnownFileType = sourcecode.c.h; path = MainViewController.h; sourceTree = "<group>"; };
		7BD92C4219B56F4E0077C9E5 /* MainViewController.m */ = {isa = PBXFileReference; fileEncoding = 4; lastKnownFileType = sourcecode.c.objc; path = MainViewController.m; sourceTree = "<group>"; };
		7BD92C4719B571050077C9E5 /* MapkitViewController.h */ = {isa = PBXFileReference; fileEncoding = 4; lastKnownFileType = sourcecode.c.h; path = MapkitViewController.h; sourceTree = "<group>"; };
		7BD92C4819B571050077C9E5 /* MapkitViewController.m */ = {isa = PBXFileReference; fileEncoding = 4; lastKnownFileType = sourcecode.c.objc; path = MapkitViewController.m; sourceTree = "<group>"; };
		7BD92C4A19B571140077C9E5 /* BMapkitViewController.h */ = {isa = PBXFileReference; fileEncoding = 4; lastKnownFileType = sourcecode.c.h; path = BMapkitViewController.h; sourceTree = "<group>"; };
		7BD92C4B19B571140077C9E5 /* BMapkitViewController.m */ = {isa = PBXFileReference; fileEncoding = 4; lastKnownFileType = sourcecode.c.objc; path = BMapkitViewController.m; sourceTree = "<group>"; };
		7BD92C4D19B571220077C9E5 /* GMapkitViewController.h */ = {isa = PBXFileReference; fileEncoding = 4; lastKnownFileType = sourcecode.c.h; path = GMapkitViewController.h; sourceTree = "<group>"; };
		7BD92C4E19B571220077C9E5 /* GMapkitViewController.m */ = {isa = PBXFileReference; fileEncoding = 4; lastKnownFileType = sourcecode.c.objc; path = GMapkitViewController.m; sourceTree = "<group>"; };
		7BD92C5219B5C7630077C9E5 /* MapViewController.h */ = {isa = PBXFileReference; fileEncoding = 4; lastKnownFileType = sourcecode.c.h; path = MapViewController.h; sourceTree = "<group>"; };
		7BD92C5319B5C7630077C9E5 /* MapViewController.m */ = {isa = PBXFileReference; fileEncoding = 4; lastKnownFileType = sourcecode.c.objc; path = MapViewController.m; sourceTree = "<group>"; };
		7BD92C5519B5CF360077C9E5 /* btn_gpslocation_down@2x.png */ = {isa = PBXFileReference; lastKnownFileType = image.png; path = "btn_gpslocation_down@2x.png"; sourceTree = "<group>"; };
		7BD92C5619B5CF360077C9E5 /* btn_gpslocation_normal@2x.png */ = {isa = PBXFileReference; lastKnownFileType = image.png; path = "btn_gpslocation_normal@2x.png"; sourceTree = "<group>"; };
		7BE3F37A19C16DD4003E3805 /* OverlayTwoViewController.h */ = {isa = PBXFileReference; fileEncoding = 4; lastKnownFileType = sourcecode.c.h; path = OverlayTwoViewController.h; sourceTree = "<group>"; };
		7BE3F37B19C16DD4003E3805 /* OverlayTwoViewController.m */ = {isa = PBXFileReference; fileEncoding = 4; lastKnownFileType = sourcecode.c.objc; path = OverlayTwoViewController.m; sourceTree = "<group>"; };
/* End PBXFileReference section */

/* Begin PBXFrameworksBuildPhase section */
		7BD92BFC19B56D0D0077C9E5 /* Frameworks */ = {
			isa = PBXFrameworksBuildPhase;
			buildActionMask = 2147483647;
			files = (
				7BD92C4019B56F0A0077C9E5 /* CoreLocation.framework in Frameworks */,
				7BD92C3E19B56EFD0077C9E5 /* MapKit.framework in Frameworks */,
				7BD92C0519B56D0D0077C9E5 /* CoreGraphics.framework in Frameworks */,
				7BD92C0719B56D0D0077C9E5 /* UIKit.framework in Frameworks */,
				7BD92C0319B56D0D0077C9E5 /* Foundation.framework in Frameworks */,
			);
			runOnlyForDeploymentPostprocessing = 0;
		};
		7BD92C1719B56D0D0077C9E5 /* Frameworks */ = {
			isa = PBXFrameworksBuildPhase;
			buildActionMask = 2147483647;
			files = (
				7BD92C1C19B56D0D0077C9E5 /* XCTest.framework in Frameworks */,
				7BD92C1E19B56D0D0077C9E5 /* UIKit.framework in Frameworks */,
				7BD92C1D19B56D0D0077C9E5 /* Foundation.framework in Frameworks */,
			);
			runOnlyForDeploymentPostprocessing = 0;
		};
/* End PBXFrameworksBuildPhase section */

/* Begin PBXGroup section */
		7BD92BF619B56D0D0077C9E5 = {
			isa = PBXGroup;
			children = (
				7BD92C0819B56D0D0077C9E5 /* MapkitDemo */,
				7BD92C2119B56D0D0077C9E5 /* MapkitDemoTests */,
				7BD92C0119B56D0D0077C9E5 /* Frameworks */,
				7BD92C0019B56D0D0077C9E5 /* Products */,
			);
			sourceTree = "<group>";
		};
		7BD92C0019B56D0D0077C9E5 /* Products */ = {
			isa = PBXGroup;
			children = (
				7BD92BFF19B56D0D0077C9E5 /* MapkitDemo.app */,
				7BD92C1A19B56D0D0077C9E5 /* MapkitDemoTests.xctest */,
			);
			name = Products;
			sourceTree = "<group>";
		};
		7BD92C0119B56D0D0077C9E5 /* Frameworks */ = {
			isa = PBXGroup;
			children = (
				7BD92C3F19B56F0A0077C9E5 /* CoreLocation.framework */,
				7BD92C3D19B56EFD0077C9E5 /* MapKit.framework */,
				7BD92C0219B56D0D0077C9E5 /* Foundation.framework */,
				7BD92C0419B56D0D0077C9E5 /* CoreGraphics.framework */,
				7BD92C0619B56D0D0077C9E5 /* UIKit.framework */,
				7BD92C1B19B56D0D0077C9E5 /* XCTest.framework */,
			);
			name = Frameworks;
			sourceTree = "<group>";
		};
		7BD92C0819B56D0D0077C9E5 /* MapkitDemo */ = {
			isa = PBXGroup;
			children = (
				7BD92C4619B570DE0077C9E5 /* Mapkit */,
				7BD92C4419B570D90077C9E5 /* BMapkit */,
				7BD92C4519B570D90077C9E5 /* GMapkit */,
				7BD92C3519B56EE00077C9E5 /* icon */,
				7BD92C3119B56EE00077C9E5 /* Common */,
				7BD92C1119B56D0D0077C9E5 /* AppDelegate.h */,
				7BD92C1219B56D0D0077C9E5 /* AppDelegate.m */,
				7BD92C4119B56F4E0077C9E5 /* MainViewController.h */,
				7BD92C4219B56F4E0077C9E5 /* MainViewController.m */,
				7BCCA60D19B6BA6C00EC6CEB /* TestObject.h */,
				7BCCA60E19B6BA6C00EC6CEB /* TestObject.m */,
				7BD92C1419B56D0D0077C9E5 /* Images.xcassets */,
				7BD92C0919B56D0D0077C9E5 /* Supporting Files */,
			);
			path = MapkitDemo;
			sourceTree = "<group>";
		};
		7BD92C0919B56D0D0077C9E5 /* Supporting Files */ = {
			isa = PBXGroup;
			children = (
				7BD92C0A19B56D0D0077C9E5 /* MapkitDemo-Info.plist */,
				7BD92C0B19B56D0D0077C9E5 /* InfoPlist.strings */,
				7BD92C0E19B56D0D0077C9E5 /* main.m */,
				7BD92C1019B56D0D0077C9E5 /* MapkitDemo-Prefix.pch */,
			);
			name = "Supporting Files";
			sourceTree = "<group>";
		};
		7BD92C2119B56D0D0077C9E5 /* MapkitDemoTests */ = {
			isa = PBXGroup;
			children = (
				7BD92C2719B56D0D0077C9E5 /* MapkitDemoTests.m */,
				7BD92C2219B56D0D0077C9E5 /* Supporting Files */,
			);
			path = MapkitDemoTests;
			sourceTree = "<group>";
		};
		7BD92C2219B56D0D0077C9E5 /* Supporting Files */ = {
			isa = PBXGroup;
			children = (
				7BD92C2319B56D0D0077C9E5 /* MapkitDemoTests-Info.plist */,
				7BD92C2419B56D0D0077C9E5 /* InfoPlist.strings */,
			);
			name = "Supporting Files";
			sourceTree = "<group>";
		};
		7BD92C3119B56EE00077C9E5 /* Common */ = {
			isa = PBXGroup;
			children = (
				7BD92C3219B56EE00077C9E5 /* BaseViewController.h */,
				7BD92C3319B56EE00077C9E5 /* BaseViewController.m */,
				7BD92C3419B56EE00077C9E5 /* PublicDefines.h */,
			);
			path = Common;
			sourceTree = "<group>";
		};
		7BD92C3519B56EE00077C9E5 /* icon */ = {
			isa = PBXGroup;
			children = (
				7BB9550119B8516B00D4DF3A /* anjuke_icon_itis_position@2x.png */,
				7BB9550219B8516B00D4DF3A /* wl_map_icon_1@2x.png */,
				7BB9550319B8516B00D4DF3A /* wl_map_icon_4@2x.png */,
				7BB9550419B8516B00D4DF3A /* wl_map_icon_5@2x.png */,
				7BC25FAC19B723D100278938 /* startAnnotation@2x.png */,
				7BD92C5519B5CF360077C9E5 /* btn_gpslocation_down@2x.png */,
				7BD92C5619B5CF360077C9E5 /* btn_gpslocation_normal@2x.png */,
				7BD92C3619B56EE00077C9E5 /* btn_cancel_normal.png */,
				7BD92C3719B56EE00077C9E5 /* btn_cancel_pressed.png */,
				7BD92C3819B56EE00077C9E5 /* common_bacArrow@2x.png */,
			);
			path = icon;
			sourceTree = "<group>";
		};
		7BD92C4419B570D90077C9E5 /* BMapkit */ = {
			isa = PBXGroup;
			children = (
				7BD92C4A19B571140077C9E5 /* BMapkitViewController.h */,
				7BD92C4B19B571140077C9E5 /* BMapkitViewController.m */,
			);
			path = BMapkit;
			sourceTree = "<group>";
		};
		7BD92C4519B570D90077C9E5 /* GMapkit */ = {
			isa = PBXGroup;
			children = (
				7BD92C4D19B571220077C9E5 /* GMapkitViewController.h */,
				7BD92C4E19B571220077C9E5 /* GMapkitViewController.m */,
			);
			path = GMapkit;
			sourceTree = "<group>";
		};
		7BD92C4619B570DE0077C9E5 /* Mapkit */ = {
			isa = PBXGroup;
			children = (
				7BD92C4719B571050077C9E5 /* MapkitViewController.h */,
				7BD92C4819B571050077C9E5 /* MapkitViewController.m */,
				7BD92C5219B5C7630077C9E5 /* MapViewController.h */,
				7BD92C5319B5C7630077C9E5 /* MapViewController.m */,
				7BCCA61019B6BEB100EC6CEB /* AnnotationViewController.h */,
				7BCCA61119B6BEB100EC6CEB /* AnnotationViewController.m */,
				7BB6539519BE97190081FEB6 /* OverlayViewController.h */,
				7BB6539619BE97190081FEB6 /* OverlayViewController.m */,
				7BE3F37A19C16DD4003E3805 /* OverlayTwoViewController.h */,
				7BE3F37B19C16DD4003E3805 /* OverlayTwoViewController.m */,
				7B44131A19C67E8E0032A411 /* TileOverlayViewController.h */,
				7B44131B19C67E8E0032A411 /* TileOverlayViewController.m */,
				3B8F2A0719C6D19F00B316CB /* LocalSearchViewController.h */,
				3B8F2A0819C6D19F00B316CB /* LocalSearchViewController.m */,
				3B8F2A0A19C6D1B300B316CB /* DirectionViewController.h */,
				3B8F2A0B19C6D1B300B316CB /* DirectionViewController.m */,
				3BA89C2519C826530015F9C2 /* CameraViewController.h */,
				3BA89C2619C826530015F9C2 /* CameraViewController.m */,
				3BCA7BFA19C91D3300C56DC7 /* ImageShowViewController.h */,
				3BCA7BFB19C91D3300C56DC7 /* ImageShowViewController.m */,
				3BCA7BFD19C97D7F00C56DC7 /* CameraExViewController.h */,
				3BCA7BFE19C97D7F00C56DC7 /* CameraExViewController.m */,
				3BAE4DB819CA6BCA00E636AB /* GeocoderViewController.h */,
				3BAE4DB919CA6BCA00E636AB /* GeocoderViewController.m */,
			);
			path = Mapkit;
			sourceTree = "<group>";
		};
/* End PBXGroup section */

/* Begin PBXNativeTarget section */
		7BD92BFE19B56D0D0077C9E5 /* MapkitDemo */ = {
			isa = PBXNativeTarget;
			buildConfigurationList = 7BD92C2B19B56D0D0077C9E5 /* Build configuration list for PBXNativeTarget "MapkitDemo" */;
			buildPhases = (
				7BD92BFB19B56D0D0077C9E5 /* Sources */,
				7BD92BFC19B56D0D0077C9E5 /* Frameworks */,
				7BD92BFD19B56D0D0077C9E5 /* Resources */,
			);
			buildRules = (
			);
			dependencies = (
			);
			name = MapkitDemo;
			productName = MapkitDemo;
			productReference = 7BD92BFF19B56D0D0077C9E5 /* MapkitDemo.app */;
			productType = "com.apple.product-type.application";
		};
		7BD92C1919B56D0D0077C9E5 /* MapkitDemoTests */ = {
			isa = PBXNativeTarget;
			buildConfigurationList = 7BD92C2E19B56D0D0077C9E5 /* Build configuration list for PBXNativeTarget "MapkitDemoTests" */;
			buildPhases = (
				7BD92C1619B56D0D0077C9E5 /* Sources */,
				7BD92C1719B56D0D0077C9E5 /* Frameworks */,
				7BD92C1819B56D0D0077C9E5 /* Resources */,
			);
			buildRules = (
			);
			dependencies = (
				7BD92C2019B56D0D0077C9E5 /* PBXTargetDependency */,
			);
			name = MapkitDemoTests;
			productName = MapkitDemoTests;
			productReference = 7BD92C1A19B56D0D0077C9E5 /* MapkitDemoTests.xctest */;
			productType = "com.apple.product-type.bundle.unit-test";
		};
/* End PBXNativeTarget section */

/* Begin PBXProject section */
		7BD92BF719B56D0D0077C9E5 /* Project object */ = {
			isa = PBXProject;
			attributes = {
				LastUpgradeCheck = 0510;
				ORGANIZATIONNAME = busap;
				TargetAttributes = {
					7BD92C1919B56D0D0077C9E5 = {
						TestTargetID = 7BD92BFE19B56D0D0077C9E5;
					};
				};
			};
			buildConfigurationList = 7BD92BFA19B56D0D0077C9E5 /* Build configuration list for PBXProject "MapkitDemo" */;
			compatibilityVersion = "Xcode 3.2";
			developmentRegion = English;
			hasScannedForEncodings = 0;
			knownRegions = (
				en,
			);
			mainGroup = 7BD92BF619B56D0D0077C9E5;
			productRefGroup = 7BD92C0019B56D0D0077C9E5 /* Products */;
			projectDirPath = "";
			projectRoot = "";
			targets = (
				7BD92BFE19B56D0D0077C9E5 /* MapkitDemo */,
				7BD92C1919B56D0D0077C9E5 /* MapkitDemoTests */,
			);
		};
/* End PBXProject section */

/* Begin PBXResourcesBuildPhase section */
		7BD92BFD19B56D0D0077C9E5 /* Resources */ = {
			isa = PBXResourcesBuildPhase;
			buildActionMask = 2147483647;
			files = (
				7BD92C3C19B56EE00077C9E5 /* common_bacArrow@2x.png in Resources */,
				7BB9550819B8516B00D4DF3A /* wl_map_icon_5@2x.png in Resources */,
				7BD92C5719B5CF360077C9E5 /* btn_gpslocation_down@2x.png in Resources */,
				7BB9550519B8516B00D4DF3A /* anjuke_icon_itis_position@2x.png in Resources */,
				7BB9550619B8516B00D4DF3A /* wl_map_icon_1@2x.png in Resources */,
				7BD92C0D19B56D0D0077C9E5 /* InfoPlist.strings in Resources */,
				7BD92C1519B56D0D0077C9E5 /* Images.xcassets in Resources */,
				7BC25FAD19B723D100278938 /* startAnnotation@2x.png in Resources */,
				7BD92C3A19B56EE00077C9E5 /* btn_cancel_normal.png in Resources */,
				7BB9550719B8516B00D4DF3A /* wl_map_icon_4@2x.png in Resources */,
				7BD92C3B19B56EE00077C9E5 /* btn_cancel_pressed.png in Resources */,
				7BD92C5819B5CF360077C9E5 /* btn_gpslocation_normal@2x.png in Resources */,
			);
			runOnlyForDeploymentPostprocessing = 0;
		};
		7BD92C1819B56D0D0077C9E5 /* Resources */ = {
			isa = PBXResourcesBuildPhase;
			buildActionMask = 2147483647;
			files = (
				7BD92C2619B56D0D0077C9E5 /* InfoPlist.strings in Resources */,
			);
			runOnlyForDeploymentPostprocessing = 0;
		};
/* End PBXResourcesBuildPhase section */

/* Begin PBXSourcesBuildPhase section */
		7BD92BFB19B56D0D0077C9E5 /* Sources */ = {
			isa = PBXSourcesBuildPhase;
			buildActionMask = 2147483647;
			files = (
				3BCA7BFC19C91D3300C56DC7 /* ImageShowViewController.m in Sources */,
				7BD92C1319B56D0D0077C9E5 /* AppDelegate.m in Sources */,
				7B44131C19C67E8E0032A411 /* TileOverlayViewController.m in Sources */,
				3BAE4DBA19CA6BCA00E636AB /* GeocoderViewController.m in Sources */,
				7BCCA60F19B6BA6C00EC6CEB /* TestObject.m in Sources */,
				7BD92C4C19B571140077C9E5 /* BMapkitViewController.m in Sources */,
				3B8F2A0C19C6D1B300B316CB /* DirectionViewController.m in Sources */,
				7BB6539719BE97190081FEB6 /* OverlayViewController.m in Sources */,
				7BD92C4919B571050077C9E5 /* MapkitViewController.m in Sources */,
				3BCA7BFF19C97D7F00C56DC7 /* CameraExViewController.m in Sources */,
				3B8F2A0919C6D19F00B316CB /* LocalSearchViewController.m in Sources */,
				7BD92C5419B5C7630077C9E5 /* MapViewController.m in Sources */,
				3BA89C2719C826530015F9C2 /* CameraViewController.m in Sources */,
				7BD92C3919B56EE00077C9E5 /* BaseViewController.m in Sources */,
				7BD92C4F19B571220077C9E5 /* GMapkitViewController.m in Sources */,
				7BE3F37C19C16DD4003E3805 /* OverlayTwoViewController.m in Sources */,
				7BCCA61219B6BEB100EC6CEB /* AnnotationViewController.m in Sources */,
				7BD92C0F19B56D0D0077C9E5 /* main.m in Sources */,
				7BD92C4319B56F4E0077C9E5 /* MainViewController.m in Sources */,
			);
			runOnlyForDeploymentPostprocessing = 0;
		};
		7BD92C1619B56D0D0077C9E5 /* Sources */ = {
			isa = PBXSourcesBuildPhase;
			buildActionMask = 2147483647;
			files = (
				7BD92C2819B56D0D0077C9E5 /* MapkitDemoTests.m in Sources */,
			);
			runOnlyForDeploymentPostprocessing = 0;
		};
/* End PBXSourcesBuildPhase section */

/* Begin PBXTargetDependency section */
		7BD92C2019B56D0D0077C9E5 /* PBXTargetDependency */ = {
			isa = PBXTargetDependency;
			target = 7BD92BFE19B56D0D0077C9E5 /* MapkitDemo */;
			targetProxy = 7BD92C1F19B56D0D0077C9E5 /* PBXContainerItemProxy */;
		};
/* End PBXTargetDependency section */

/* Begin PBXVariantGroup section */
		7BD92C0B19B56D0D0077C9E5 /* InfoPlist.strings */ = {
			isa = PBXVariantGroup;
			children = (
				7BD92C0C19B56D0D0077C9E5 /* en */,
			);
			name = InfoPlist.strings;
			sourceTree = "<group>";
		};
		7BD92C2419B56D0D0077C9E5 /* InfoPlist.strings */ = {
			isa = PBXVariantGroup;
			children = (
				7BD92C2519B56D0D0077C9E5 /* en */,
			);
			name = InfoPlist.strings;
			sourceTree = "<group>";
		};
/* End PBXVariantGroup section */

/* Begin XCBuildConfiguration section */
		7BD92C2919B56D0D0077C9E5 /* Debug */ = {
			isa = XCBuildConfiguration;
			buildSettings = {
				ALWAYS_SEARCH_USER_PATHS = NO;
				CLANG_CXX_LANGUAGE_STANDARD = "gnu++0x";
				CLANG_CXX_LIBRARY = "libc++";
				CLANG_ENABLE_MODULES = YES;
				CLANG_ENABLE_OBJC_ARC = YES;
				CLANG_WARN_BOOL_CONVERSION = YES;
				CLANG_WARN_CONSTANT_CONVERSION = YES;
				CLANG_WARN_DIRECT_OBJC_ISA_USAGE = YES_ERROR;
				CLANG_WARN_EMPTY_BODY = YES;
				CLANG_WARN_ENUM_CONVERSION = YES;
				CLANG_WARN_INT_CONVERSION = YES;
				CLANG_WARN_OBJC_ROOT_CLASS = YES_ERROR;
				CLANG_WARN__DUPLICATE_METHOD_MATCH = YES;
				"CODE_SIGN_IDENTITY[sdk=iphoneos*]" = "iPhone Developer";
				COPY_PHASE_STRIP = NO;
				GCC_C_LANGUAGE_STANDARD = gnu99;
				GCC_DYNAMIC_NO_PIC = NO;
				GCC_OPTIMIZATION_LEVEL = 0;
				GCC_PREPROCESSOR_DEFINITIONS = (
					"DEBUG=1",
					"$(inherited)",
				);
				GCC_SYMBOLS_PRIVATE_EXTERN = NO;
				GCC_WARN_64_TO_32_BIT_CONVERSION = YES;
				GCC_WARN_ABOUT_RETURN_TYPE = YES_ERROR;
				GCC_WARN_UNDECLARED_SELECTOR = YES;
				GCC_WARN_UNINITIALIZED_AUTOS = YES_AGGRESSIVE;
				GCC_WARN_UNUSED_FUNCTION = YES;
				GCC_WARN_UNUSED_VARIABLE = YES;
				IPHONEOS_DEPLOYMENT_TARGET = 7.1;
				ONLY_ACTIVE_ARCH = YES;
				SDKROOT = iphoneos;
				TARGETED_DEVICE_FAMILY = "1,2";
			};
			name = Debug;
		};
		7BD92C2A19B56D0D0077C9E5 /* Release */ = {
			isa = XCBuildConfiguration;
			buildSettings = {
				ALWAYS_SEARCH_USER_PATHS = NO;
				CLANG_CXX_LANGUAGE_STANDARD = "gnu++0x";
				CLANG_CXX_LIBRARY = "libc++";
				CLANG_ENABLE_MODULES = YES;
				CLANG_ENABLE_OBJC_ARC = YES;
				CLANG_WARN_BOOL_CONVERSION = YES;
				CLANG_WARN_CONSTANT_CONVERSION = YES;
				CLANG_WARN_DIRECT_OBJC_ISA_USAGE = YES_ERROR;
				CLANG_WARN_EMPTY_BODY = YES;
				CLANG_WARN_ENUM_CONVERSION = YES;
				CLANG_WARN_INT_CONVERSION = YES;
				CLANG_WARN_OBJC_ROOT_CLASS = YES_ERROR;
				CLANG_WARN__DUPLICATE_METHOD_MATCH = YES;
				"CODE_SIGN_IDENTITY[sdk=iphoneos*]" = "iPhone Developer";
				COPY_PHASE_STRIP = YES;
				ENABLE_NS_ASSERTIONS = NO;
				GCC_C_LANGUAGE_STANDARD = gnu99;
				GCC_WARN_64_TO_32_BIT_CONVERSION = YES;
				GCC_WARN_ABOUT_RETURN_TYPE = YES_ERROR;
				GCC_WARN_UNDECLARED_SELECTOR = YES;
				GCC_WARN_UNINITIALIZED_AUTOS = YES_AGGRESSIVE;
				GCC_WARN_UNUSED_FUNCTION = YES;
				GCC_WARN_UNUSED_VARIABLE = YES;
				IPHONEOS_DEPLOYMENT_TARGET = 7.1;
				SDKROOT = iphoneos;
				TARGETED_DEVICE_FAMILY = "1,2";
				VALIDATE_PRODUCT = YES;
			};
			name = Release;
		};
		7BD92C2C19B56D0D0077C9E5 /* Debug */ = {
			isa = XCBuildConfiguration;
			buildSettings = {
				ASSETCATALOG_COMPILER_APPICON_NAME = AppIcon;
				ASSETCATALOG_COMPILER_LAUNCHIMAGE_NAME = LaunchImage;
				GCC_PRECOMPILE_PREFIX_HEADER = YES;
				GCC_PREFIX_HEADER = "MapkitDemo/MapkitDemo-Prefix.pch";
				INFOPLIST_FILE = "MapkitDemo/MapkitDemo-Info.plist";
				IPHONEOS_DEPLOYMENT_TARGET = 6.0;
				PRODUCT_NAME = "$(TARGET_NAME)";
				WRAPPER_EXTENSION = app;
			};
			name = Debug;
		};
		7BD92C2D19B56D0D0077C9E5 /* Release */ = {
			isa = XCBuildConfiguration;
			buildSettings = {
				ASSETCATALOG_COMPILER_APPICON_NAME = AppIcon;
				ASSETCATALOG_COMPILER_LAUNCHIMAGE_NAME = LaunchImage;
				GCC_PRECOMPILE_PREFIX_HEADER = YES;
				GCC_PREFIX_HEADER = "MapkitDemo/MapkitDemo-Prefix.pch";
				INFOPLIST_FILE = "MapkitDemo/MapkitDemo-Info.plist";
				IPHONEOS_DEPLOYMENT_TARGET = 6.0;
				PRODUCT_NAME = "$(TARGET_NAME)";
				WRAPPER_EXTENSION = app;
			};
			name = Release;
		};
		7BD92C2F19B56D0D0077C9E5 /* Debug */ = {
			isa = XCBuildConfiguration;
			buildSettings = {
				BUNDLE_LOADER = "$(BUILT_PRODUCTS_DIR)/MapkitDemo.app/MapkitDemo";
				FRAMEWORK_SEARCH_PATHS = (
					"$(SDKROOT)/Developer/Library/Frameworks",
					"$(inherited)",
					"$(DEVELOPER_FRAMEWORKS_DIR)",
				);
				GCC_PRECOMPILE_PREFIX_HEADER = YES;
				GCC_PREFIX_HEADER = "MapkitDemo/MapkitDemo-Prefix.pch";
				GCC_PREPROCESSOR_DEFINITIONS = (
					"DEBUG=1",
					"$(inherited)",
				);
				INFOPLIST_FILE = "MapkitDemoTests/MapkitDemoTests-Info.plist";
				PRODUCT_NAME = "$(TARGET_NAME)";
				TEST_HOST = "$(BUNDLE_LOADER)";
				WRAPPER_EXTENSION = xctest;
			};
			name = Debug;
		};
		7BD92C3019B56D0D0077C9E5 /* Release */ = {
			isa = XCBuildConfiguration;
			buildSettings = {
				BUNDLE_LOADER = "$(BUILT_PRODUCTS_DIR)/MapkitDemo.app/MapkitDemo";
				FRAMEWORK_SEARCH_PATHS = (
					"$(SDKROOT)/Developer/Library/Frameworks",
					"$(inherited)",
					"$(DEVELOPER_FRAMEWORKS_DIR)",
				);
				GCC_PRECOMPILE_PREFIX_HEADER = YES;
				GCC_PREFIX_HEADER = "MapkitDemo/MapkitDemo-Prefix.pch";
				INFOPLIST_FILE = "MapkitDemoTests/MapkitDemoTests-Info.plist";
				PRODUCT_NAME = "$(TARGET_NAME)";
				TEST_HOST = "$(BUNDLE_LOADER)";
				WRAPPER_EXTENSION = xctest;
			};
			name = Release;
		};
/* End XCBuildConfiguration section */

/* Begin XCConfigurationList section */
		7BD92BFA19B56D0D0077C9E5 /* Build configuration list for PBXProject "MapkitDemo" */ = {
			isa = XCConfigurationList;
			buildConfigurations = (
				7BD92C2919B56D0D0077C9E5 /* Debug */,
				7BD92C2A19B56D0D0077C9E5 /* Release */,
			);
			defaultConfigurationIsVisible = 0;
			defaultConfigurationName = Release;
		};
		7BD92C2B19B56D0D0077C9E5 /* Build configuration list for PBXNativeTarget "MapkitDemo" */ = {
			isa = XCConfigurationList;
			buildConfigurations = (
				7BD92C2C19B56D0D0077C9E5 /* Debug */,
				7BD92C2D19B56D0D0077C9E5 /* Release */,
			);
			defaultConfigurationIsVisible = 0;
			defaultConfigurationName = Release;
		};
		7BD92C2E19B56D0D0077C9E5 /* Build configuration list for PBXNativeTarget "MapkitDemoTests" */ = {
			isa = XCConfigurationList;
			buildConfigurations = (
				7BD92C2F19B56D0D0077C9E5 /* Debug */,
				7BD92C3019B56D0D0077C9E5 /* Release */,
			);
			defaultConfigurationIsVisible = 0;
			defaultConfigurationName = Release;
		};
/* End XCConfigurationList section */
	};
	rootObject = 7BD92BF719B56D0D0077C9E5 /* Project object */;
}
